
Microsoft Visual Studio Solution File, Format Version 12.00
# Visual Studio 14
VisualStudioVersion = 14.0.25420.1
MinimumVisualStudioVersion = 10.0.40219.1
Project("{FAE04EC0-301F-11D3-BF4B-00C04F79EFBC}") = "HuntTheWumpus", "HuntTheWumpus\HuntTheWumpus.csproj", "{EE80C5B2-1859-46C0-B467-A07B65FE09B2}"
EndProject
Project("{FAE04EC0-301F-11D3-BF4B-00C04F79EFBC}") = "HuntTheWumpusTests", "HuntTheWumpusTests\HuntTheWumpusTests.csproj", "{CA0352D4-01FB-4303-8B4A-30FC623D3AC4}"
EndProject
Global
	GlobalSection(SolutionConfigurationPlatforms) = preSolution
		Debug|Any CPU = Debug|Any CPU
		Release|Any CPU = Release|Any CPU
	EndGlobalSection
	GlobalSection(ProjectConfigurationPlatforms) = postSolution
		{EE80C5B2-1859-46C0-B467-A07B65FE09B2}.Debug|Any CPU.ActiveCfg = Debug|Any CPU
		{EE80C5B2-1859-46C0-B467-A07B65FE09B2}.Debug|Any CPU.Build.0 = Debug|Any CPU
		{EE80C5B2-1859-46C0-B467-A07B65FE09B2}.Release|Any CPU.ActiveCfg = Release|Any CPU
		{EE80C5B2-1859-46C0-B467-A07B65FE09B2}.Release|Any CPU.Build.0 = Release|Any CPU
		{CA0352D4-01FB-4303-8B4A-30FC623D3AC4}.Debug|Any CPU.ActiveCfg = Debug|Any CPU
		{CA0352D4-01FB-4303-8B4A-30FC623D3AC4}.Debug|Any CPU.Build.0 = Debug|Any CPU
		{CA0352D4-01FB-4303-8B4A-30FC623D3AC4}.Release|Any CPU.ActiveCfg = Release|Any CPU
		{CA0352D4-01FB-4303-8B4A-30FC623D3AC4}.Release|Any CPU.Build.0 = Release|Any CPU
	EndGlobalSection
	GlobalSection(SolutionProperties) = preSolution
		HideSolutionNode = FALSE
	EndGlobalSection
	GlobalSection(ExtensibilityGlobals) = postSolution
		SolutionGuid = {7F3AEB1A-AAA1-4ECA-BDEF-D51645AD54B4}
	EndGlobalSection
EndGlobal
